
Microsoft Visual Studio Solution File, Format Version 12.00
# Visual Studio 15
VisualStudioVersion = 15.0.27130.2027
MinimumVisualStudioVersion = 10.0.40219.1
Project("{FAE04EC0-301F-11D3-BF4B-00C04F79EFBC}") = "Minesweeper", "Minesweeper\Minesweeper.csproj", "{D6194529-1B2C-4D7D-9BE9-6A0A99EE4F97}"
EndProject
Global
	GlobalSection(SolutionConfigurationPlatforms) = preSolution
		Debug|Any CPU = Debug|Any CPU
		Release|Any CPU = Release|Any CPU
	EndGlobalSection
	GlobalSection(ProjectConfigurationPlatforms) = postSolution
		{D6194529-1B2C-4D7D-9BE9-6A0A99EE4F97}.Debug|Any CPU.ActiveCfg = Debug|Any CPU
		{D6194529-1B2C-4D7D-9BE9-6A0A99EE4F97}.Debug|Any CPU.Build.0 = Debug|Any CPU
		{D6194529-1B2C-4D7D-9BE9-6A0A99EE4F97}.Release|Any CPU.ActiveCfg = Release|Any CPU
		{D6194529-1B2C-4D7D-9BE9-6A0A99EE4F97}.Release|Any CPU.Build.0 = Release|Any CPU
	EndGlobalSection
	GlobalSection(SolutionProperties) = preSolution
		HideSolutionNode = FALSE
	EndGlobalSection
	GlobalSection(ExtensibilityGlobals) = postSolution
		SolutionGuid = {4AC73006-ED20-4E5B-B79B-D7D362F03A71}
	EndGlobalSection
EndGlobal
